
Microsoft Visual Studio Solution File, Format Version 12.00
# Visual Studio Version 17
VisualStudioVersion = 17.8.34309.116
MinimumVisualStudioVersion = 10.0.40219.1
Project("{9A19103F-16F7-4668-BE54-9A1E7A4F7556}") = "Gerenciador", "Gerenciador.csproj", "{B8E7BB46-9549-46F3-B326-FFFFECF095D8}"
EndProject
Global
	GlobalSection(SolutionConfigurationPlatforms) = preSolution
		Debug|Any CPU = Debug|Any CPU
		Release|Any CPU = Release|Any CPU
	EndGlobalSection
	GlobalSection(ProjectConfigurationPlatforms) = postSolution
		{B8E7BB46-9549-46F3-B326-FFFFECF095D8}.Debug|Any CPU.ActiveCfg = Debug|Any CPU
		{B8E7BB46-9549-46F3-B326-FFFFECF095D8}.Debug|Any CPU.Build.0 = Debug|Any CPU
		{B8E7BB46-9549-46F3-B326-FFFFECF095D8}.Release|Any CPU.ActiveCfg = Release|Any CPU
		{B8E7BB46-9549-46F3-B326-FFFFECF095D8}.Release|Any CPU.Build.0 = Release|Any CPU
	EndGlobalSection
	GlobalSection(SolutionProperties) = preSolution
		HideSolutionNode = FALSE
	EndGlobalSection
	GlobalSection(ExtensibilityGlobals) = postSolution
		SolutionGuid = {5FFACFFF-9325-4F0F-BE0B-76F819A3E461}
	EndGlobalSection
EndGlobal
